
Microsoft Visual Studio Solution File, Format Version 12.00
# Visual Studio Version 16
VisualStudioVersion = 16.0.29215.179
MinimumVisualStudioVersion = 10.0.40219.1
Project("{2150E333-8FDC-42A3-9474-1A3956D46DE8}") = "Fonts", "Fonts", "{EFBBB35F-BB29-44E6-B60B-7D4233EE2DD5}"
	ProjectSection(SolutionItems) = preProject
		C:\Users\Arthur\Downloads\maybe_maybe_not.zip = C:\Users\Arthur\Downloads\maybe_maybe_not.zip
	EndProjectSection
EndProject
Project("{FAE04EC0-301F-11D3-BF4B-00C04F79EFBC}") = "Baller.Windows", "baller.windows\Baller.Windows.csproj", "{A2FFD430-0CE9-4BEE-A80F-4AED16316B6A}"
EndProject
Project("{2150E333-8FDC-42A3-9474-1A3956D46DE8}") = "Clients", "Clients", "{7AB9C4CD-799A-4FA3-9BF6-819BAE0B6CEC}"
EndProject
Project("{FAE04EC0-301F-11D3-BF4B-00C04F79EFBC}") = "Baller.Droid", "Baller.Droid\Baller.Droid.csproj", "{1263B8B9-0BC2-4B1D-A1B7-BF5647DA4E0A}"
EndProject
Project("{D954291E-2A0B-460D-934E-DC6B0785DB48}") = "Baller.Shared", "Shared\Baller.Shared.shproj", "{A0CDBD0E-3A41-42B7-9425-A838BC2C7383}"
EndProject
Global
	GlobalSection(SharedMSBuildProjectFiles) = preSolution
		Shared\Shared.projitems*{1263b8b9-0bc2-4b1d-a1b7-bf5647da4e0a}*SharedItemsImports = 4
		Shared\Shared.projitems*{a0cdbd0e-3a41-42b7-9425-a838bc2c7383}*SharedItemsImports = 13
		Shared\Shared.projitems*{a2ffd430-0ce9-4bee-a80f-4aed16316b6a}*SharedItemsImports = 4
	EndGlobalSection
	GlobalSection(SolutionConfigurationPlatforms) = preSolution
		Debug|Any CPU = Debug|Any CPU
		Debug|x86 = Debug|x86
		Release|Any CPU = Release|Any CPU
		Release|x86 = Release|x86
	EndGlobalSection
	GlobalSection(ProjectConfigurationPlatforms) = postSolution
		{A2FFD430-0CE9-4BEE-A80F-4AED16316B6A}.Debug|Any CPU.ActiveCfg = Debug|x86
		{A2FFD430-0CE9-4BEE-A80F-4AED16316B6A}.Debug|Any CPU.Build.0 = Debug|x86
		{A2FFD430-0CE9-4BEE-A80F-4AED16316B6A}.Debug|x86.ActiveCfg = Debug|x86
		{A2FFD430-0CE9-4BEE-A80F-4AED16316B6A}.Debug|x86.Build.0 = Debug|x86
		{A2FFD430-0CE9-4BEE-A80F-4AED16316B6A}.Release|Any CPU.ActiveCfg = Release|x86
		{A2FFD430-0CE9-4BEE-A80F-4AED16316B6A}.Release|x86.ActiveCfg = Release|x86
		{A2FFD430-0CE9-4BEE-A80F-4AED16316B6A}.Release|x86.Build.0 = Release|x86
		{1263B8B9-0BC2-4B1D-A1B7-BF5647DA4E0A}.Debug|Any CPU.ActiveCfg = Debug|Any CPU
		{1263B8B9-0BC2-4B1D-A1B7-BF5647DA4E0A}.Debug|Any CPU.Build.0 = Debug|Any CPU
		{1263B8B9-0BC2-4B1D-A1B7-BF5647DA4E0A}.Debug|Any CPU.Deploy.0 = Debug|Any CPU
		{1263B8B9-0BC2-4B1D-A1B7-BF5647DA4E0A}.Debug|x86.ActiveCfg = Debug|Any CPU
		{1263B8B9-0BC2-4B1D-A1B7-BF5647DA4E0A}.Debug|x86.Build.0 = Debug|Any CPU
		{1263B8B9-0BC2-4B1D-A1B7-BF5647DA4E0A}.Debug|x86.Deploy.0 = Debug|Any CPU
		{1263B8B9-0BC2-4B1D-A1B7-BF5647DA4E0A}.Release|Any CPU.ActiveCfg = Release|Any CPU
		{1263B8B9-0BC2-4B1D-A1B7-BF5647DA4E0A}.Release|Any CPU.Build.0 = Release|Any CPU
		{1263B8B9-0BC2-4B1D-A1B7-BF5647DA4E0A}.Release|Any CPU.Deploy.0 = Release|Any CPU
		{1263B8B9-0BC2-4B1D-A1B7-BF5647DA4E0A}.Release|x86.ActiveCfg = Release|Any CPU
		{1263B8B9-0BC2-4B1D-A1B7-BF5647DA4E0A}.Release|x86.Build.0 = Release|Any CPU
		{1263B8B9-0BC2-4B1D-A1B7-BF5647DA4E0A}.Release|x86.Deploy.0 = Release|Any CPU
	EndGlobalSection
	GlobalSection(SolutionProperties) = preSolution
		HideSolutionNode = FALSE
	EndGlobalSection
	GlobalSection(NestedProjects) = preSolution
		{A2FFD430-0CE9-4BEE-A80F-4AED16316B6A} = {7AB9C4CD-799A-4FA3-9BF6-819BAE0B6CEC}
		{1263B8B9-0BC2-4B1D-A1B7-BF5647DA4E0A} = {7AB9C4CD-799A-4FA3-9BF6-819BAE0B6CEC}
	EndGlobalSection
	GlobalSection(ExtensibilityGlobals) = postSolution
		SolutionGuid = {30741728-F8F0-42A7-98E0-1AC4E91A76BC}
	EndGlobalSection
EndGlobal
